
Microsoft Visual Studio Solution File, Format Version 12.00
Project("{2150E333-8FDC-42A3-9474-1A3956D46DE8}") = "Tools", "Tools", "{3BD0208F-78E4-4F4D-9D7E-07D2C6A2ABB2}"
EndProject
Project("{FAE04EC0-301F-11D3-BF4B-00C04F79EFBC}") = "Build", "Tools\Build\Build.csproj", "{5FDCEE8E-FDF1-474D-AC89-4D5FEFCCDC70}"
EndProject
Project("{FAE04EC0-301F-11D3-BF4B-00C04F79EFBC}") = "Exec", "Tools\Exec\Exec.csproj", "{C7CF73D7-C500-40D9-BACF-2A9EB1C9B94B}"
EndProject
Project("{2150E333-8FDC-42A3-9474-1A3956D46DE8}") = "Interpret", "Interpret", "{82CC710E-E39C-4131-9001-955F4D998BAF}"
EndProject
Project("{FAE04EC0-301F-11D3-BF4B-00C04F79EFBC}") = "Build", "Interpret\Build\Build.csproj", "{3520D2CA-E93F-4513-BFED-B09D11C58D07}"
EndProject
Project("{FAE04EC0-301F-11D3-BF4B-00C04F79EFBC}") = "Exec", "Interpret\Exec\Exec.csproj", "{9E2122F0-A980-4D21-9DA3-5D05FA8F28C1}"
EndProject
Global
	GlobalSection(SolutionConfigurationPlatforms) = preSolution
		Debug|Any CPU = Debug|Any CPU
		Release|Any CPU = Release|Any CPU
	EndGlobalSection
	GlobalSection(ProjectConfigurationPlatforms) = postSolution
		{5FDCEE8E-FDF1-474D-AC89-4D5FEFCCDC70}.Debug|Any CPU.ActiveCfg = Debug|Any CPU
		{5FDCEE8E-FDF1-474D-AC89-4D5FEFCCDC70}.Debug|Any CPU.Build.0 = Debug|Any CPU
		{5FDCEE8E-FDF1-474D-AC89-4D5FEFCCDC70}.Release|Any CPU.ActiveCfg = Release|Any CPU
		{5FDCEE8E-FDF1-474D-AC89-4D5FEFCCDC70}.Release|Any CPU.Build.0 = Release|Any CPU
		{C7CF73D7-C500-40D9-BACF-2A9EB1C9B94B}.Debug|Any CPU.ActiveCfg = Debug|Any CPU
		{C7CF73D7-C500-40D9-BACF-2A9EB1C9B94B}.Debug|Any CPU.Build.0 = Debug|Any CPU
		{C7CF73D7-C500-40D9-BACF-2A9EB1C9B94B}.Release|Any CPU.ActiveCfg = Release|Any CPU
		{C7CF73D7-C500-40D9-BACF-2A9EB1C9B94B}.Release|Any CPU.Build.0 = Release|Any CPU
		{3520D2CA-E93F-4513-BFED-B09D11C58D07}.Debug|Any CPU.ActiveCfg = Debug|Any CPU
		{3520D2CA-E93F-4513-BFED-B09D11C58D07}.Debug|Any CPU.Build.0 = Debug|Any CPU
		{3520D2CA-E93F-4513-BFED-B09D11C58D07}.Release|Any CPU.ActiveCfg = Release|Any CPU
		{3520D2CA-E93F-4513-BFED-B09D11C58D07}.Release|Any CPU.Build.0 = Release|Any CPU
		{9E2122F0-A980-4D21-9DA3-5D05FA8F28C1}.Debug|Any CPU.ActiveCfg = Debug|Any CPU
		{9E2122F0-A980-4D21-9DA3-5D05FA8F28C1}.Debug|Any CPU.Build.0 = Debug|Any CPU
		{9E2122F0-A980-4D21-9DA3-5D05FA8F28C1}.Release|Any CPU.ActiveCfg = Release|Any CPU
		{9E2122F0-A980-4D21-9DA3-5D05FA8F28C1}.Release|Any CPU.Build.0 = Release|Any CPU
	EndGlobalSection
	GlobalSection(NestedProjects) = preSolution
		{5FDCEE8E-FDF1-474D-AC89-4D5FEFCCDC70} = {3BD0208F-78E4-4F4D-9D7E-07D2C6A2ABB2}
		{C7CF73D7-C500-40D9-BACF-2A9EB1C9B94B} = {3BD0208F-78E4-4F4D-9D7E-07D2C6A2ABB2}
		{3520D2CA-E93F-4513-BFED-B09D11C58D07} = {82CC710E-E39C-4131-9001-955F4D998BAF}
		{9E2122F0-A980-4D21-9DA3-5D05FA8F28C1} = {82CC710E-E39C-4131-9001-955F4D998BAF}
	EndGlobalSection
EndGlobal
